
Microsoft Visual Studio Solution File, Format Version 12.00
# Visual Studio Version 17
VisualStudioVersion = 17.11.35222.181
MinimumVisualStudioVersion = 10.0.40219.1
Project("{FAE04EC0-301F-11D3-BF4B-00C04F79EFBC}") = "Decimal to Binary", "Decimal to Binary\Decimal to Binary.csproj", "{82EA2917-D576-4DD5-A276-8E631A4CDA09}"
EndProject
Global
	GlobalSection(SolutionConfigurationPlatforms) = preSolution
		Debug|Any CPU = Debug|Any CPU
		Release|Any CPU = Release|Any CPU
	EndGlobalSection
	GlobalSection(ProjectConfigurationPlatforms) = postSolution
		{82EA2917-D576-4DD5-A276-8E631A4CDA09}.Debug|Any CPU.ActiveCfg = Debug|Any CPU
		{82EA2917-D576-4DD5-A276-8E631A4CDA09}.Debug|Any CPU.Build.0 = Debug|Any CPU
		{82EA2917-D576-4DD5-A276-8E631A4CDA09}.Release|Any CPU.ActiveCfg = Release|Any CPU
		{82EA2917-D576-4DD5-A276-8E631A4CDA09}.Release|Any CPU.Build.0 = Release|Any CPU
	EndGlobalSection
	GlobalSection(SolutionProperties) = preSolution
		HideSolutionNode = FALSE
	EndGlobalSection
	GlobalSection(ExtensibilityGlobals) = postSolution
		SolutionGuid = {24FA3F63-A1F3-460B-8655-267F6C2868D6}
	EndGlobalSection
EndGlobal
